// !$*UTF8*$!
{
	archiveVersion = 1;
	classes = {
	};
	objectVersion = 77;
	objects = {

/* Begin PBXContainerItemProxy section */
		A90D28B62CED13CB00D5E0D6 /* PBXContainerItemProxy */ = {
			isa = PBXContainerItemProxy;
			containerPortal = A90D28982CED13C800D5E0D6 /* Project object */;
			proxyType = 1;
			remoteGlobalIDString = A90D289F2CED13C800D5E0D6;
			remoteInfo = SecretNotes;
		};
		A90D28C02CED13CB00D5E0D6 /* PBXContainerItemProxy */ = {
			isa = PBXContainerItemProxy;
			containerPortal = A90D28982CED13C800D5E0D6 /* Project object */;
			proxyType = 1;
			remoteGlobalIDString = A90D289F2CED13C800D5E0D6;
			remoteInfo = SecretNotes;
		};
/* End PBXContainerItemProxy section */

/* Begin PBXFileReference section */
		A90D28A02CED13C800D5E0D6 /* SecretNotes.app */ = {isa = PBXFileReference; explicitFileType = wrapper.application; includeInIndex = 0; path = SecretNotes.app; sourceTree = BUILT_PRODUCTS_DIR; };
		A90D28B52CED13CB00D5E0D6 /* SecretNotesTests.xctest */ = {isa = PBXFileReference; explicitFileType = wrapper.cfbundle; includeInIndex = 0; path = SecretNotesTests.xctest; sourceTree = BUILT_PRODUCTS_DIR; };
		A90D28BF2CED13CB00D5E0D6 /* SecretNotesUITests.xctest */ = {isa = PBXFileReference; explicitFileType = wrapper.cfbundle; includeInIndex = 0; path = SecretNotesUITests.xctest; sourceTree = BUILT_PRODUCTS_DIR; };
/* End PBXFileReference section */

/* Begin PBXFileSystemSynchronizedRootGroup section */
		A90D28A22CED13C800D5E0D6 /* SecretNotes */ = {
			isa = PBXFileSystemSynchronizedRootGroup;
			path = SecretNotes;
			sourceTree = "<group>";
		};
		A90D28B82CED13CB00D5E0D6 /* SecretNotesTests */ = {
			isa = PBXFileSystemSynchronizedRootGroup;
			path = SecretNotesTests;
			sourceTree = "<group>";
		};
		A90D28C22CED13CB00D5E0D6 /* SecretNotesUITests */ = {
			isa = PBXFileSystemSynchronizedRootGroup;
			path = SecretNotesUITests;
			sourceTree = "<group>";
		};
/* End PBXFileSystemSynchronizedRootGroup section */

/* Begin PBXFrameworksBuildPhase section */
		A90D289D2CED13C800D5E0D6 /* Frameworks */ = {
			isa = PBXFrameworksBuildPhase;
			buildActionMask = 2147483647;
			files = (
			);
			runOnlyForDeploymentPostprocessing = 0;
		};
		A90D28B22CED13CB00D5E0D6 /* Frameworks */ = {
			isa = PBXFrameworksBuildPhase;
			buildActionMask = 2147483647;
			files = (
			);
			runOnlyForDeploymentPostprocessing = 0;
		};
		A90D28BC2CED13CB00D5E0D6 /* Frameworks */ = {
			isa = PBXFrameworksBuildPhase;
			buildActionMask = 2147483647;
			files = (
			);
			runOnlyForDeploymentPostprocessing = 0;
		};
/* End PBXFrameworksBuildPhase section */

/* Begin PBXGroup section */
		A90D28972CED13C800D5E0D6 = {
			isa = PBXGroup;
			children = (
				A90D28A22CED13C800D5E0D6 /* SecretNotes */,
				A90D28B82CED13CB00D5E0D6 /* SecretNotesTests */,
				A90D28C22CED13CB00D5E0D6 /* SecretNotesUITests */,
				A90D28A12CED13C800D5E0D6 /* Products */,
			);
			sourceTree = "<group>";
		};
		A90D28A12CED13C800D5E0D6 /* Products */ = {
			isa = PBXGroup;
			children = (
				A90D28A02CED13C800D5E0D6 /* SecretNotes.app */,
				A90D28B52CED13CB00D5E0D6 /* SecretNotesTests.xctest */,
				A90D28BF2CED13CB00D5E0D6 /* SecretNotesUITests.xctest */,
			);
			name = Products;
			sourceTree = "<group>";
		};
/* End PBXGroup section */

/* Begin PBXNativeTarget section */
		A90D289F2CED13C800D5E0D6 /* SecretNotes */ = {
			isa = PBXNativeTarget;
			buildConfigurationList = A90D28C92CED13CB00D5E0D6 /* Build configuration list for PBXNativeTarget "SecretNotes" */;
			buildPhases = (
				A90D289C2CED13C800D5E0D6 /* Sources */,
				A90D289D2CED13C800D5E0D6 /* Frameworks */,
				A90D289E2CED13C800D5E0D6 /* Resources */,
			);
			buildRules = (
			);
			dependencies = (
			);
			fileSystemSynchronizedGroups = (
				A90D28A22CED13C800D5E0D6 /* SecretNotes */,
			);
			name = SecretNotes;
			packageProductDependencies = (
			);
			productName = SecretNotes;
			productReference = A90D28A02CED13C800D5E0D6 /* SecretNotes.app */;
			productType = "com.apple.product-type.application";
		};
		A90D28B42CED13CB00D5E0D6 /* SecretNotesTests */ = {
			isa = PBXNativeTarget;
			buildConfigurationList = A90D28CC2CED13CB00D5E0D6 /* Build configuration list for PBXNativeTarget "SecretNotesTests" */;
			buildPhases = (
				A90D28B12CED13CB00D5E0D6 /* Sources */,
				A90D28B22CED13CB00D5E0D6 /* Frameworks */,
				A90D28B32CED13CB00D5E0D6 /* Resources */,
			);
			buildRules = (
			);
			dependencies = (
				A90D28B72CED13CB00D5E0D6 /* PBXTargetDependency */,
			);
			fileSystemSynchronizedGroups = (
				A90D28B82CED13CB00D5E0D6 /* SecretNotesTests */,
			);
			name = SecretNotesTests;
			packageProductDependencies = (
			);
			productName = SecretNotesTests;
			productReference = A90D28B52CED13CB00D5E0D6 /* SecretNotesTests.xctest */;
			productType = "com.apple.product-type.bundle.unit-test";
		};
		A90D28BE2CED13CB00D5E0D6 /* SecretNotesUITests */ = {
			isa = PBXNativeTarget;
			buildConfigurationList = A90D28CF2CED13CB00D5E0D6 /* Build configuration list for PBXNativeTarget "SecretNotesUITests" */;
			buildPhases = (
				A90D28BB2CED13CB00D5E0D6 /* Sources */,
				A90D28BC2CED13CB00D5E0D6 /* Frameworks */,
				A90D28BD2CED13CB00D5E0D6 /* Resources */,
			);
			buildRules = (
			);
			dependencies = (
				A90D28C12CED13CB00D5E0D6 /* PBXTargetDependency */,
			);
			fileSystemSynchronizedGroups = (
				A90D28C22CED13CB00D5E0D6 /* SecretNotesUITests */,
			);
			name = SecretNotesUITests;
			packageProductDependencies = (
			);
			productName = SecretNotesUITests;
			productReference = A90D28BF2CED13CB00D5E0D6 /* SecretNotesUITests.xctest */;
			productType = "com.apple.product-type.bundle.ui-testing";
		};
/* End PBXNativeTarget section */

/* Begin PBXProject section */
		A90D28982CED13C800D5E0D6 /* Project object */ = {
			isa = PBXProject;
			attributes = {
				BuildIndependentTargetsInParallel = 1;
				LastSwiftUpdateCheck = 1610;
				LastUpgradeCheck = 1610;
				TargetAttributes = {
					A90D289F2CED13C800D5E0D6 = {
						CreatedOnToolsVersion = 16.1;
					};
					A90D28B42CED13CB00D5E0D6 = {
						CreatedOnToolsVersion = 16.1;
						TestTargetID = A90D289F2CED13C800D5E0D6;
					};
					A90D28BE2CED13CB00D5E0D6 = {
						CreatedOnToolsVersion = 16.1;
						TestTargetID = A90D289F2CED13C800D5E0D6;
					};
				};
			};
			buildConfigurationList = A90D289B2CED13C800D5E0D6 /* Build configuration list for PBXProject "SecretNotes" */;
			developmentRegion = en;
			hasScannedForEncodings = 0;
			knownRegions = (
				en,
				Base,
			);
			mainGroup = A90D28972CED13C800D5E0D6;
			minimizedProjectReferenceProxies = 1;
			preferredProjectObjectVersion = 77;
			productRefGroup = A90D28A12CED13C800D5E0D6 /* Products */;
			projectDirPath = "";
			projectRoot = "";
			targets = (
				A90D289F2CED13C800D5E0D6 /* SecretNotes */,
				A90D28B42CED13CB00D5E0D6 /* SecretNotesTests */,
				A90D28BE2CED13CB00D5E0D6 /* SecretNotesUITests */,
			);
		};
/* End PBXProject section */

/* Begin PBXResourcesBuildPhase section */
		A90D289E2CED13C800D5E0D6 /* Resources */ = {
			isa = PBXResourcesBuildPhase;
			buildActionMask = 2147483647;
			files = (
			);
			runOnlyForDeploymentPostprocessing = 0;
		};
		A90D28B32CED13CB00D5E0D6 /* Resources */ = {
			isa = PBXResourcesBuildPhase;
			buildActionMask = 2147483647;
			files = (
			);
			runOnlyForDeploymentPostprocessing = 0;
		};
		A90D28BD2CED13CB00D5E0D6 /* Resources */ = {
			isa = PBXResourcesBuildPhase;
			buildActionMask = 2147483647;
			files = (
			);
			runOnlyForDeploymentPostprocessing = 0;
		};
/* End PBXResourcesBuildPhase section */

/* Begin PBXSourcesBuildPhase section */
		A90D289C2CED13C800D5E0D6 /* Sources */ = {
			isa = PBXSourcesBuildPhase;
			buildActionMask = 2147483647;
			files = (
			);
			runOnlyForDeploymentPostprocessing = 0;
		};
		A90D28B12CED13CB00D5E0D6 /* Sources */ = {
			isa = PBXSourcesBuildPhase;
			buildActionMask = 2147483647;
			files = (
			);
			runOnlyForDeploymentPostprocessing = 0;
		};
		A90D28BB2CED13CB00D5E0D6 /* Sources */ = {
			isa = PBXSourcesBuildPhase;
			buildActionMask = 2147483647;
			files = (
			);
			runOnlyForDeploymentPostprocessing = 0;
		};
/* End PBXSourcesBuildPhase section */

/* Begin PBXTargetDependency section */
		A90D28B72CED13CB00D5E0D6 /* PBXTargetDependency */ = {
			isa = PBXTargetDependency;
			target = A90D289F2CED13C800D5E0D6 /* SecretNotes */;
			targetProxy = A90D28B62CED13CB00D5E0D6 /* PBXContainerItemProxy */;
		};
		A90D28C12CED13CB00D5E0D6 /* PBXTargetDependency */ = {
			isa = PBXTargetDependency;
			target = A90D289F2CED13C800D5E0D6 /* SecretNotes */;
			targetProxy = A90D28C02CED13CB00D5E0D6 /* PBXContainerItemProxy */;
		};
/* End PBXTargetDependency section */

/* Begin XCBuildConfiguration section */
		A90D28C72CED13CB00D5E0D6 /* Debug */ = {
			isa = XCBuildConfiguration;
			buildSettings = {
				ALWAYS_SEARCH_USER_PATHS = NO;
				ASSETCATALOG_COMPILER_GENERATE_SWIFT_ASSET_SYMBOL_EXTENSIONS = YES;
				CLANG_ANALYZER_NONNULL = YES;
				CLANG_ANALYZER_NUMBER_OBJECT_CONVERSION = YES_AGGRESSIVE;
				CLANG_CXX_LANGUAGE_STANDARD = "gnu++20";
				CLANG_ENABLE_MODULES = YES;
				CLANG_ENABLE_OBJC_ARC = YES;
				CLANG_ENABLE_OBJC_WEAK = YES;
				CLANG_WARN_BLOCK_CAPTURE_AUTORELEASING = YES;
				CLANG_WARN_BOOL_CONVERSION = YES;
				CLANG_WARN_COMMA = YES;
				CLANG_WARN_CONSTANT_CONVERSION = YES;
				CLANG_WARN_DEPRECATED_OBJC_IMPLEMENTATIONS = YES;
				CLANG_WARN_DIRECT_OBJC_ISA_USAGE = YES_ERROR;
				CLANG_WARN_DOCUMENTATION_COMMENTS = YES;
				CLANG_WARN_EMPTY_BODY = YES;
				CLANG_WARN_ENUM_CONVERSION = YES;
				CLANG_WARN_INFINITE_RECURSION = YES;
				CLANG_WARN_INT_CONVERSION = YES;
				CLANG_WARN_NON_LITERAL_NULL_CONVERSION = YES;
				CLANG_WARN_OBJC_IMPLICIT_RETAIN_SELF = YES;
				CLANG_WARN_OBJC_LITERAL_CONVERSION = YES;
				CLANG_WARN_OBJC_ROOT_CLASS = YES_ERROR;
				CLANG_WARN_QUOTED_INCLUDE_IN_FRAMEWORK_HEADER = YES;
				CLANG_WARN_RANGE_LOOP_ANALYSIS = YES;
				CLANG_WARN_STRICT_PROTOTYPES = YES;
				CLANG_WARN_SUSPICIOUS_MOVE = YES;
				CLANG_WARN_UNGUARDED_AVAILABILITY = YES_AGGRESSIVE;
				CLANG_WARN_UNREACHABLE_CODE = YES;
				CLANG_WARN__DUPLICATE_METHOD_MATCH = YES;
				COPY_PHASE_STRIP = NO;
				DEBUG_INFORMATION_FORMAT = dwarf;
				ENABLE_STRICT_OBJC_MSGSEND = YES;
				ENABLE_TESTABILITY = YES;
				ENABLE_USER_SCRIPT_SANDBOXING = YES;
				GCC_C_LANGUAGE_STANDARD = gnu17;
				GCC_DYNAMIC_NO_PIC = NO;
				GCC_NO_COMMON_BLOCKS = YES;
				GCC_OPTIMIZATION_LEVEL = 0;
				GCC_PREPROCESSOR_DEFINITIONS = (
					"DEBUG=1",
					"$(inherited)",
				);
				GCC_WARN_64_TO_32_BIT_CONVERSION = YES;
				GCC_WARN_ABOUT_RETURN_TYPE = YES_ERROR;
				GCC_WARN_UNDECLARED_SELECTOR = YES;
				GCC_WARN_UNINITIALIZED_AUTOS = YES_AGGRESSIVE;
				GCC_WARN_UNUSED_FUNCTION = YES;
				GCC_WARN_UNUSED_VARIABLE = YES;
				IPHONEOS_DEPLOYMENT_TARGET = 18.1;
				LOCALIZATION_PREFERS_STRING_CATALOGS = YES;
				MTL_ENABLE_DEBUG_INFO = INCLUDE_SOURCE;
				MTL_FAST_MATH = YES;
				ONLY_ACTIVE_ARCH = YES;
				SDKROOT = iphoneos;
				SWIFT_ACTIVE_COMPILATION_CONDITIONS = "DEBUG $(inherited)";
				SWIFT_OPTIMIZATION_LEVEL = "-Onone";
			};
			name = Debug;
		};
		A90D28C82CED13CB00D5E0D6 /* Release */ = {
			isa = XCBuildConfiguration;
			buildSettings = {
				ALWAYS_SEARCH_USER_PATHS = NO;
				ASSETCATALOG_COMPILER_GENERATE_SWIFT_ASSET_SYMBOL_EXTENSIONS = YES;
				CLANG_ANALYZER_NONNULL = YES;
				CLANG_ANALYZER_NUMBER_OBJECT_CONVERSION = YES_AGGRESSIVE;
				CLANG_CXX_LANGUAGE_STANDARD = "gnu++20";
				CLANG_ENABLE_MODULES = YES;
				CLANG_ENABLE_OBJC_ARC = YES;
				CLANG_ENABLE_OBJC_WEAK = YES;
				CLANG_WARN_BLOCK_CAPTURE_AUTORELEASING = YES;
				CLANG_WARN_BOOL_CONVERSION = YES;
				CLANG_WARN_COMMA = YES;
				CLANG_WARN_CONSTANT_CONVERSION = YES;
				CLANG_WARN_DEPRECATED_OBJC_IMPLEMENTATIONS = YES;
				CLANG_WARN_DIRECT_OBJC_ISA_USAGE = YES_ERROR;
				CLANG_WARN_DOCUMENTATION_COMMENTS = YES;
				CLANG_WARN_EMPTY_BODY = YES;
				CLANG_WARN_ENUM_CONVERSION = YES;
				CLANG_WARN_INFINITE_RECURSION = YES;
				CLANG_WARN_INT_CONVERSION = YES;
				CLANG_WARN_NON_LITERAL_NULL_CONVERSION = YES;
				CLANG_WARN_OBJC_IMPLICIT_RETAIN_SELF = YES;
				CLANG_WARN_OBJC_LITERAL_CONVERSION = YES;
				CLANG_WARN_OBJC_ROOT_CLASS = YES_ERROR;
				CLANG_WARN_QUOTED_INCLUDE_IN_FRAMEWORK_HEADER = YES;
				CLANG_WARN_RANGE_LOOP_ANALYSIS = YES;
				CLANG_WARN_STRICT_PROTOTYPES = YES;
				CLANG_WARN_SUSPICIOUS_MOVE = YES;
				CLANG_WARN_UNGUARDED_AVAILABILITY = YES_AGGRESSIVE;
				CLANG_WARN_UNREACHABLE_CODE = YES;
				CLANG_WARN__DUPLICATE_METHOD_MATCH = YES;
				COPY_PHASE_STRIP = NO;
				DEBUG_INFORMATION_FORMAT = "dwarf-with-dsym";
				ENABLE_NS_ASSERTIONS = NO;
				ENABLE_STRICT_OBJC_MSGSEND = YES;
				ENABLE_USER_SCRIPT_SANDBOXING = YES;
				GCC_C_LANGUAGE_STANDARD = gnu17;
				GCC_NO_COMMON_BLOCKS = YES;
				GCC_WARN_64_TO_32_BIT_CONVERSION = YES;
				GCC_WARN_ABOUT_RETURN_TYPE = YES_ERROR;
				GCC_WARN_UNDECLARED_SELECTOR = YES;
				GCC_WARN_UNINITIALIZED_AUTOS = YES_AGGRESSIVE;
				GCC_WARN_UNUSED_FUNCTION = YES;
				GCC_WARN_UNUSED_VARIABLE = YES;
				IPHONEOS_DEPLOYMENT_TARGET = 18.1;
				LOCALIZATION_PREFERS_STRING_CATALOGS = YES;
				MTL_ENABLE_DEBUG_INFO = NO;
				MTL_FAST_MATH = YES;
				SDKROOT = iphoneos;
				SWIFT_COMPILATION_MODE = wholemodule;
				VALIDATE_PRODUCT = YES;
			};
			name = Release;
		};
		A90D28CA2CED13CB00D5E0D6 /* Debug */ = {
			isa = XCBuildConfiguration;
			buildSettings = {
				ASSETCATALOG_COMPILER_APPICON_NAME = AppIcon;
				ASSETCATALOG_COMPILER_GLOBAL_ACCENT_COLOR_NAME = AccentColor;
				CODE_SIGN_STYLE = Automatic;
				CURRENT_PROJECT_VERSION = 1;
				DEVELOPMENT_ASSET_PATHS = "\"SecretNotes/Preview Content\"";
				ENABLE_PREVIEWS = YES;
				GENERATE_INFOPLIST_FILE = YES;
				INFOPLIST_KEY_UIApplicationSceneManifest_Generation = YES;
				INFOPLIST_KEY_UIApplicationSupportsIndirectInputEvents = YES;
				INFOPLIST_KEY_UILaunchScreen_Generation = YES;
				INFOPLIST_KEY_UISupportedInterfaceOrientations_iPad = "UIInterfaceOrientationPortrait UIInterfaceOrientationPortraitUpsideDown UIInterfaceOrientationLandscapeLeft UIInterfaceOrientationLandscapeRight";
				INFOPLIST_KEY_UISupportedInterfaceOrientations_iPhone = "UIInterfaceOrientationPortrait UIInterfaceOrientationLandscapeLeft UIInterfaceOrientationLandscapeRight";
				LD_RUNPATH_SEARCH_PATHS = (
					"$(inherited)",
					"@executable_path/Frameworks",
				);
				MARKETING_VERSION = 1.0;
				PRODUCT_BUNDLE_IDENTIFIER = Alejandro.SecretNotes;
				PRODUCT_NAME = "$(TARGET_NAME)";
				SWIFT_EMIT_LOC_STRINGS = YES;
				SWIFT_VERSION = 5.0;
				TARGETED_DEVICE_FAMILY = "1,2";
			};
			name = Debug;
		};
		A90D28CB2CED13CB00D5E0D6 /* Release */ = {
			isa = XCBuildConfiguration;
			buildSettings = {
				ASSETCATALOG_COMPILER_APPICON_NAME = AppIcon;
				ASSETCATALOG_COMPILER_GLOBAL_ACCENT_COLOR_NAME = AccentColor;
				CODE_SIGN_STYLE = Automatic;
				CURRENT_PROJECT_VERSION = 1;
				DEVELOPMENT_ASSET_PATHS = "\"SecretNotes/Preview Content\"";
				ENABLE_PREVIEWS = YES;
				GENERATE_INFOPLIST_FILE = YES;
				INFOPLIST_KEY_UIApplicationSceneManifest_Generation = YES;
				INFOPLIST_KEY_UIApplicationSupportsIndirectInputEvents = YES;
				INFOPLIST_KEY_UILaunchScreen_Generation = YES;
				INFOPLIST_KEY_UISupportedInterfaceOrientations_iPad = "UIInterfaceOrientationPortrait UIInterfaceOrientationPortraitUpsideDown UIInterfaceOrientationLandscapeLeft UIInterfaceOrientationLandscapeRight";
				INFOPLIST_KEY_UISupportedInterfaceOrientations_iPhone = "UIInterfaceOrientationPortrait UIInterfaceOrientationLandscapeLeft UIInterfaceOrientationLandscapeRight";
				LD_RUNPATH_SEARCH_PATHS = (
					"$(inherited)",
					"@executable_path/Frameworks",
				);
				MARKETING_VERSION = 1.0;
				PRODUCT_BUNDLE_IDENTIFIER = Alejandro.SecretNotes;
				PRODUCT_NAME = "$(TARGET_NAME)";
				SWIFT_EMIT_LOC_STRINGS = YES;
				SWIFT_VERSION = 5.0;
				TARGETED_DEVICE_FAMILY = "1,2";
			};
			name = Release;
		};
		A90D28CD2CED13CB00D5E0D6 /* Debug */ = {
			isa = XCBuildConfiguration;
			buildSettings = {
				BUNDLE_LOADER = "$(TEST_HOST)";
				CODE_SIGN_STYLE = Automatic;
				CURRENT_PROJECT_VERSION = 1;
				GENERATE_INFOPLIST_FILE = YES;
				IPHONEOS_DEPLOYMENT_TARGET = 18.1;
				MARKETING_VERSION = 1.0;
				PRODUCT_BUNDLE_IDENTIFIER = Alejandro.SecretNotesTests;
				PRODUCT_NAME = "$(TARGET_NAME)";
				SWIFT_EMIT_LOC_STRINGS = NO;
				SWIFT_VERSION = 5.0;
				TARGETED_DEVICE_FAMILY = "1,2";
				TEST_HOST = "$(BUILT_PRODUCTS_DIR)/SecretNotes.app/$(BUNDLE_EXECUTABLE_FOLDER_PATH)/SecretNotes";
			};
			name = Debug;
		};
		A90D28CE2CED13CB00D5E0D6 /* Release */ = {
			isa = XCBuildConfiguration;
			buildSettings = {
				BUNDLE_LOADER = "$(TEST_HOST)";
				CODE_SIGN_STYLE = Automatic;
				CURRENT_PROJECT_VERSION = 1;
				GENERATE_INFOPLIST_FILE = YES;
				IPHONEOS_DEPLOYMENT_TARGET = 18.1;
				MARKETING_VERSION = 1.0;
				PRODUCT_BUNDLE_IDENTIFIER = Alejandro.SecretNotesTests;
				PRODUCT_NAME = "$(TARGET_NAME)";
				SWIFT_EMIT_LOC_STRINGS = NO;
				SWIFT_VERSION = 5.0;
				TARGETED_DEVICE_FAMILY = "1,2";
				TEST_HOST = "$(BUILT_PRODUCTS_DIR)/SecretNotes.app/$(BUNDLE_EXECUTABLE_FOLDER_PATH)/SecretNotes";
			};
			name = Release;
		};
		A90D28D02CED13CB00D5E0D6 /* Debug */ = {
			isa = XCBuildConfiguration;
			buildSettings = {
				CODE_SIGN_STYLE = Automatic;
				CURRENT_PROJECT_VERSION = 1;
				GENERATE_INFOPLIST_FILE = YES;
				MARKETING_VERSION = 1.0;
				PRODUCT_BUNDLE_IDENTIFIER = Alejandro.SecretNotesUITests;
				PRODUCT_NAME = "$(TARGET_NAME)";
				SWIFT_EMIT_LOC_STRINGS = NO;
				SWIFT_VERSION = 5.0;
				TARGETED_DEVICE_FAMILY = "1,2";
				TEST_TARGET_NAME = SecretNotes;
			};
			name = Debug;
		};
		A90D28D12CED13CB00D5E0D6 /* Release */ = {
			isa = XCBuildConfiguration;
			buildSettings = {
				CODE_SIGN_STYLE = Automatic;
				CURRENT_PROJECT_VERSION = 1;
				GENERATE_INFOPLIST_FILE = YES;
				MARKETING_VERSION = 1.0;
				PRODUCT_BUNDLE_IDENTIFIER = Alejandro.SecretNotesUITests;
				PRODUCT_NAME = "$(TARGET_NAME)";
				SWIFT_EMIT_LOC_STRINGS = NO;
				SWIFT_VERSION = 5.0;
				TARGETED_DEVICE_FAMILY = "1,2";
				TEST_TARGET_NAME = SecretNotes;
			};
			name = Release;
		};
/* End XCBuildConfiguration section */

/* Begin XCConfigurationList section */
		A90D289B2CED13C800D5E0D6 /* Build configuration list for PBXProject "SecretNotes" */ = {
			isa = XCConfigurationList;
			buildConfigurations = (
				A90D28C72CED13CB00D5E0D6 /* Debug */,
				A90D28C82CED13CB00D5E0D6 /* Release */,
			);
			defaultConfigurationIsVisible = 0;
			defaultConfigurationName = Release;
		};
		A90D28C92CED13CB00D5E0D6 /* Build configuration list for PBXNativeTarget "SecretNotes" */ = {
			isa = XCConfigurationList;
			buildConfigurations = (
				A90D28CA2CED13CB00D5E0D6 /* Debug */,
				A90D28CB2CED13CB00D5E0D6 /* Release */,
			);
			defaultConfigurationIsVisible = 0;
			defaultConfigurationName = Release;
		};
		A90D28CC2CED13CB00D5E0D6 /* Build configuration list for PBXNativeTarget "SecretNotesTests" */ = {
			isa = XCConfigurationList;
			buildConfigurations = (
				A90D28CD2CED13CB00D5E0D6 /* Debug */,
				A90D28CE2CED13CB00D5E0D6 /* Release */,
			);
			defaultConfigurationIsVisible = 0;
			defaultConfigurationName = Release;
		};
		A90D28CF2CED13CB00D5E0D6 /* Build configuration list for PBXNativeTarget "SecretNotesUITests" */ = {
			isa = XCConfigurationList;
			buildConfigurations = (
				A90D28D02CED13CB00D5E0D6 /* Debug */,
				A90D28D12CED13CB00D5E0D6 /* Release */,
			);
			defaultConfigurationIsVisible = 0;
			defaultConfigurationName = Release;
		};
/* End XCConfigurationList section */
	};
	rootObject = A90D28982CED13C800D5E0D6 /* Project object */;
}
